{
  "nodes": {
    "charon": {
      "inputs": {
        "crane": "crane",
        "flake-compat": "flake-compat",
        "flake-utils": "flake-utils",
        "nixpkgs": [
          "eurydice",
          "recent_nixpkgs"
        ],
        "nixpkgs-ocaml": [
          "eurydice",
          "nixpkgs"
        ],
        "rust-overlay": "rust-overlay"
      },
      "locked": {
        "lastModified": 1743077260,
        "narHash": "sha256-CSIhHvmzDZlGrTnirgrfOehDvUsctc3qAs/IdhtdaUg=",
        "owner": "AeneasVerif",
        "repo": "charon",
        "rev": "8363532b648d533ebe1d4d068d271c8b853408ca",
        "type": "github"
      },
      "original": {
        "owner": "AeneasVerif",
        "repo": "charon",
        "type": "github"
      }
    },
    "crane": {
      "locked": {
        "lastModified": 1727316705,
        "narHash": "sha256-/mumx8AQ5xFuCJqxCIOFCHTVlxHkMT21idpbgbm/TIE=",
        "owner": "ipetkov",
        "repo": "crane",
        "rev": "5b03654ce046b5167e7b0bccbd8244cb56c16f0e",
        "type": "github"
      },
      "original": {
        "owner": "ipetkov",
        "repo": "crane",
        "type": "github"
      }
    },
    "crane_2": {
      "inputs": {
        "nixpkgs": [
          "hax",
          "nixpkgs"
        ]
      },
      "locked": {
        "lastModified": 1717386774,
        "narHash": "sha256-YYMGHDo4f+tu7k2q6hWNiI5C8gAN5eksb3g3EbKFf4k=",
        "owner": "ipetkov",
        "repo": "crane",
        "rev": "ad21f86e47a2751faa99aecd0d494be70411d5e9",
        "type": "github"
      },
      "original": {
        "owner": "ipetkov",
        "repo": "crane",
        "type": "github"
      }
    },
    "eurydice": {
      "inputs": {
        "charon": "charon",
        "flake-utils": [
          "eurydice",
          "karamel",
          "flake-utils"
        ],
        "karamel": "karamel",
        "nixpkgs": [
          "eurydice",
          "karamel",
          "nixpkgs"
        ],
        "recent_nixpkgs": "recent_nixpkgs"
      },
      "locked": {
        "lastModified": 1743162870,
        "narHash": "sha256-1dI5C0jsMZjgu8EpVBKafeL0or90TMkRhwg0c3rLbHs=",
        "owner": "aeneasverif",
        "repo": "eurydice",
        "rev": "9c587e76b6724c4a4e887b4443327c5680544288",
        "type": "github"
      },
      "original": {
        "owner": "aeneasverif",
        "repo": "eurydice",
        "type": "github"
      }
    },
    "flake-compat": {
      "locked": {
        "lastModified": 1733328505,
        "narHash": "sha256-NeCCThCEP3eCl2l/+27kNNK7QrwZB1IJCrXfrbv5oqU=",
        "owner": "edolstra",
        "repo": "flake-compat",
        "rev": "ff81ac966bb2cae68946d5ed5fc4994f96d0ffec",
        "type": "github"
      },
      "original": {
        "owner": "edolstra",
        "repo": "flake-compat",
        "type": "github"
      }
    },
    "flake-utils": {
      "inputs": {
        "systems": "systems"
      },
      "locked": {
        "lastModified": 1726560853,
        "narHash": "sha256-X6rJYSESBVr3hBoH0WbKE5KvhPU5bloyZ2L4K60/fPQ=",
        "owner": "numtide",
        "repo": "flake-utils",
        "rev": "c1dfcf08411b08f6b8615f7d8971a2bfa81d5e8a",
        "type": "github"
      },
      "original": {
        "owner": "numtide",
        "repo": "flake-utils",
        "type": "github"
      }
    },
    "flake-utils_2": {
      "inputs": {
        "systems": "systems_2"
      },
      "locked": {
        "lastModified": 1692799911,
        "narHash": "sha256-3eihraek4qL744EvQXsK1Ha6C3CR7nnT8X2qWap4RNk=",
        "owner": "numtide",
        "repo": "flake-utils",
        "rev": "f9e7cf818399d17d347f847525c5a5a8032e4e44",
        "type": "github"
      },
      "original": {
        "id": "flake-utils",
        "type": "indirect"
      }
    },
    "flake-utils_3": {
      "inputs": {
        "systems": "systems_3"
      },
      "locked": {
        "lastModified": 1731533236,
        "narHash": "sha256-l0KFg5HjrsfsO/JpG+r7fRrqm12kzFHyUHqHCVpMMbI=",
        "owner": "numtide",
        "repo": "flake-utils",
        "rev": "11707dc2f618dd54ca8739b309ec4fc024de578b",
        "type": "github"
      },
      "original": {
        "owner": "numtide",
        "repo": "flake-utils",
        "type": "github"
      }
    },
    "flake-utils_4": {
      "inputs": {
        "systems": "systems_4"
      },
      "locked": {
        "lastModified": 1710146030,
        "narHash": "sha256-SZ5L6eA7HJ/nmkzGG7/ISclqe6oZdOZTNoesiInkXPQ=",
        "owner": "numtide",
        "repo": "flake-utils",
        "rev": "b1d9ab70662946ef0850d488da1c9019f3a9752a",
        "type": "github"
      },
      "original": {
        "owner": "numtide",
        "repo": "flake-utils",
        "type": "github"
      }
    },
    "fstar": {
      "inputs": {
        "flake-utils": "flake-utils_2",
        "nixpkgs": "nixpkgs"
      },
      "locked": {
        "lastModified": 1742959035,
        "narHash": "sha256-PhjfThXF6fJlFHtNEURG4igCnM6VegWODypmRvnZPdA=",
        "owner": "fstarlang",
        "repo": "fstar",
        "rev": "71d8221589d4d438af3706d89cb653cf53e18aab",
        "type": "github"
      },
      "original": {
        "owner": "fstarlang",
        "repo": "fstar",
        "type": "github"
      }
    },
    "fstar_2": {
      "inputs": {
        "flake-utils": [
          "hax",
          "flake-utils"
        ],
        "nixpkgs": [
          "hax",
          "nixpkgs"
        ]
      },
      "locked": {
        "lastModified": 1739895440,
        "narHash": "sha256-QRZdyaHpVZafdk398yQ4LXmSrcqL/cQeYUBj9dwLDlQ=",
        "owner": "FStarLang",
        "repo": "FStar",
        "rev": "4b3fc11774003a6ff7c09500ecb5f0145ca6d862",
        "type": "github"
      },
      "original": {
        "owner": "FStarLang",
        "ref": "v2025.02.17",
        "repo": "FStar",
        "type": "github"
      }
    },
    "hacl-star": {
      "flake": false,
      "locked": {
        "lastModified": 1716379562,
        "narHash": "sha256-42dF8kPEiveSPgHoicxZG/CCu3IhwJhtfvVNfrLczu8=",
        "owner": "hacl-star",
        "repo": "hacl-star",
        "rev": "9149b0c26b06a8e06a0920a07c33ddd18d94c519",
        "type": "github"
      },
      "original": {
        "owner": "hacl-star",
        "repo": "hacl-star",
        "type": "github"
      }
    },
    "hax": {
      "inputs": {
        "crane": "crane_2",
        "flake-utils": "flake-utils_4",
        "fstar": "fstar_2",
        "hacl-star": "hacl-star",
        "nixpkgs": "nixpkgs_2",
        "rust-by-examples": "rust-by-examples",
        "rust-overlay": "rust-overlay_2"
      },
      "locked": {
        "lastModified": 1742983963,
        "narHash": "sha256-0rl0fRSuMyDDMN5ZF95b97z6xGNY8Rf6Lob8bJGU/o4=",
        "owner": "hacspec",
        "repo": "hax",
        "rev": "40ecdbece586089ed87f1ba633ebbb6a3248a15f",
        "type": "github"
      },
      "original": {
        "owner": "hacspec",
        "repo": "hax",
        "type": "github"
      }
    },
    "karamel": {
      "inputs": {
        "flake-utils": [
          "eurydice",
          "karamel",
          "fstar",
          "flake-utils"
        ],
        "fstar": "fstar",
        "nixpkgs": [
          "eurydice",
          "karamel",
          "fstar",
          "nixpkgs"
        ]
      },
      "locked": {
        "lastModified": 1742380878,
        "narHash": "sha256-Xgx1EpmP7aVLmiEY5pNc1Uoao1v0nBeTlEC3Sfodapk=",
        "owner": "FStarLang",
        "repo": "karamel",
        "rev": "25027047c3f0f0cfc473827e5451c8e064d59869",
        "type": "github"
      },
      "original": {
        "owner": "FStarLang",
        "repo": "karamel",
        "type": "github"
      }
    },
    "nixpkgs": {
      "locked": {
        "lastModified": 1693158576,
        "narHash": "sha256-aRTTXkYvhXosGx535iAFUaoFboUrZSYb1Ooih/auGp0=",
        "owner": "NixOS",
        "repo": "nixpkgs",
        "rev": "a999c1cc0c9eb2095729d5aa03e0d8f7ed256780",
        "type": "github"
      },
      "original": {
        "id": "nixpkgs",
        "ref": "nixos-unstable",
        "type": "indirect"
      }
    },
    "nixpkgs_2": {
      "locked": {
        "lastModified": 1717402443,
        "narHash": "sha256-KlFiT8xFAVy29iYJU9nBwvkC7WTfUC/jak5jNFz5wHM=",
        "owner": "nixos",
        "repo": "nixpkgs",
        "rev": "c149b8818b982d612f519c7e73449d355206a89a",
        "type": "github"
      },
      "original": {
        "owner": "nixos",
        "repo": "nixpkgs",
        "type": "github"
      }
    },
    "nixpkgs_3": {
      "locked": {
        "lastModified": 1742889210,
        "narHash": "sha256-hw63HnwnqU3ZQfsMclLhMvOezpM7RSB0dMAtD5/sOiw=",
        "owner": "nixos",
        "repo": "nixpkgs",
        "rev": "698214a32beb4f4c8e3942372c694f40848b360d",
        "type": "github"
      },
      "original": {
        "owner": "nixos",
        "ref": "nixos-unstable",
        "repo": "nixpkgs",
        "type": "github"
      }
    },
    "recent_nixpkgs": {
      "locked": {
        "lastModified": 1742923925,
        "narHash": "sha256-biPjLws6FiBVUUDHEMFq5pUQL84Wf7PntPYdo3oKkFw=",
        "owner": "NixOS",
        "repo": "nixpkgs",
        "rev": "25d1b84f5c90632a623c48d83a2faf156451e6b1",
        "type": "github"
      },
      "original": {
        "owner": "NixOS",
        "ref": "nixpkgs-unstable",
        "repo": "nixpkgs",
        "type": "github"
      }
    },
    "root": {
      "inputs": {
        "eurydice": "eurydice",
        "flake-utils": "flake-utils_3",
        "hax": "hax",
        "nixpkgs": "nixpkgs_3"
      }
    },
    "rust-by-examples": {
      "flake": false,
      "locked": {
        "lastModified": 1729958822,
        "narHash": "sha256-/X1dI2MPYSfOdqOOxpNFCykoJtVetQCOo7WfBa7XAyU=",
        "owner": "rust-lang",
        "repo": "rust-by-example",
        "rev": "4e3881e0cb1b690158acca3c16e271fdadf736da",
        "type": "github"
      },
      "original": {
        "owner": "rust-lang",
        "repo": "rust-by-example",
        "type": "github"
      }
    },
    "rust-overlay": {
      "inputs": {
        "nixpkgs": [
          "eurydice",
          "charon",
          "nixpkgs"
        ]
      },
      "locked": {
        "lastModified": 1737340068,
        "narHash": "sha256-5UciRckNV+YOZ6y6ASBIb01cySB12whDxgFUK+EqT8g=",
        "owner": "oxalica",
        "repo": "rust-overlay",
        "rev": "275c824ed9e90e7fd4f96d187bde3670062e721f",
        "type": "github"
      },
      "original": {
        "owner": "oxalica",
        "repo": "rust-overlay",
        "rev": "275c824ed9e90e7fd4f96d187bde3670062e721f",
        "type": "github"
      }
    },
    "rust-overlay_2": {
      "inputs": {
        "nixpkgs": [
          "hax",
          "nixpkgs"
        ]
      },
      "locked": {
        "lastModified": 1736735482,
        "narHash": "sha256-QOA4jCDyyUM9Y2Vba+HSZ/5LdtCMGaTE/7NkkUzBr50=",
        "owner": "oxalica",
        "repo": "rust-overlay",
        "rev": "cf960a1938ee91200fe0d2f7b2582fde2429d562",
        "type": "github"
      },
      "original": {
        "owner": "oxalica",
        "repo": "rust-overlay",
        "type": "github"
      }
    },
    "systems": {
      "locked": {
        "lastModified": 1681028828,
        "narHash": "sha256-Vy1rq5AaRuLzOxct8nz4T6wlgyUR7zLU309k9mBC768=",
        "owner": "nix-systems",
        "repo": "default",
        "rev": "da67096a3b9bf56a91d16901293e51ba5b49a27e",
        "type": "github"
      },
      "original": {
        "owner": "nix-systems",
        "repo": "default",
        "type": "github"
      }
    },
    "systems_2": {
      "locked": {
        "lastModified": 1681028828,
        "narHash": "sha256-Vy1rq5AaRuLzOxct8nz4T6wlgyUR7zLU309k9mBC768=",
        "owner": "nix-systems",
        "repo": "default",
        "rev": "da67096a3b9bf56a91d16901293e51ba5b49a27e",
        "type": "github"
      },
      "original": {
        "owner": "nix-systems",
        "repo": "default",
        "type": "github"
      }
    },
    "systems_3": {
      "locked": {
        "lastModified": 1681028828,
        "narHash": "sha256-Vy1rq5AaRuLzOxct8nz4T6wlgyUR7zLU309k9mBC768=",
        "owner": "nix-systems",
        "repo": "default",
        "rev": "da67096a3b9bf56a91d16901293e51ba5b49a27e",
        "type": "github"
      },
      "original": {
        "owner": "nix-systems",
        "repo": "default",
        "type": "github"
      }
    },
    "systems_4": {
      "locked": {
        "lastModified": 1681028828,
        "narHash": "sha256-Vy1rq5AaRuLzOxct8nz4T6wlgyUR7zLU309k9mBC768=",
        "owner": "nix-systems",
        "repo": "default",
        "rev": "da67096a3b9bf56a91d16901293e51ba5b49a27e",
        "type": "github"
      },
      "original": {
        "owner": "nix-systems",
        "repo": "default",
        "type": "github"
      }
    }
  },
  "root": "root",
  "version": 7
}
