{
  "nodes": {
    "charon": {
      "inputs": {
        "crane": "crane",
        "flake-compat": "flake-compat",
        "flake-utils": "flake-utils",
        "nixpkgs": [
          "eurydice",
          "nixpkgs"
        ],
        "rust-overlay": "rust-overlay"
      },
      "locked": {
        "lastModified": 1731500951,
        "narHash": "sha256-bITTJFxjrq6XfBNUnqFn15f7V6+ypILm2BTu2cxd+iI=",
        "owner": "aeneasverif",
        "repo": "charon",
        "rev": "454078ebdb4a607e2b21dc115e1ca99b516e436f",
        "type": "github"
      },
      "original": {
        "owner": "aeneasverif",
        "repo": "charon",
        "type": "github"
      }
    },
    "crane": {
      "locked": {
        "lastModified": 1727316705,
        "narHash": "sha256-/mumx8AQ5xFuCJqxCIOFCHTVlxHkMT21idpbgbm/TIE=",
        "owner": "ipetkov",
        "repo": "crane",
        "rev": "5b03654ce046b5167e7b0bccbd8244cb56c16f0e",
        "type": "github"
      },
      "original": {
        "owner": "ipetkov",
        "repo": "crane",
        "type": "github"
      }
    },
    "crane_2": {
      "locked": {
        "lastModified": 1731098351,
        "narHash": "sha256-HQkYvKvaLQqNa10KEFGgWHfMAbWBfFp+4cAgkut+NNE=",
        "owner": "ipetkov",
        "repo": "crane",
        "rev": "ef80ead953c1b28316cc3f8613904edc2eb90c28",
        "type": "github"
      },
      "original": {
        "owner": "ipetkov",
        "repo": "crane",
        "type": "github"
      }
    },
    "crane_3": {
      "inputs": {
        "nixpkgs": [
          "hax",
          "nixpkgs"
        ]
      },
      "locked": {
        "lastModified": 1717386774,
        "narHash": "sha256-YYMGHDo4f+tu7k2q6hWNiI5C8gAN5eksb3g3EbKFf4k=",
        "owner": "ipetkov",
        "repo": "crane",
        "rev": "ad21f86e47a2751faa99aecd0d494be70411d5e9",
        "type": "github"
      },
      "original": {
        "owner": "ipetkov",
        "repo": "crane",
        "type": "github"
      }
    },
    "eurydice": {
      "inputs": {
        "charon": [
          "charon"
        ],
        "flake-utils": "flake-utils_2",
        "fstar": "fstar",
        "karamel": "karamel",
        "nixpkgs": [
          "eurydice",
          "karamel",
          "nixpkgs"
        ]
      },
      "locked": {
        "lastModified": 1731504425,
        "narHash": "sha256-v51ze2+yq/rkyQrjBoGQEhzpy8fxtkgCfL9WuQJgHXg=",
        "owner": "aeneasverif",
        "repo": "eurydice",
        "rev": "7d686376ec943225ff89942978c6c3028bac689c",
        "type": "github"
      },
      "original": {
        "owner": "aeneasverif",
        "repo": "eurydice",
        "type": "github"
      }
    },
    "flake-compat": {
      "locked": {
        "lastModified": 1717312683,
        "narHash": "sha256-FrlieJH50AuvagamEvWMIE6D2OAnERuDboFDYAED/dE=",
        "owner": "nix-community",
        "repo": "flake-compat",
        "rev": "38fd3954cf65ce6faf3d0d45cd26059e059f07ea",
        "type": "github"
      },
      "original": {
        "owner": "nix-community",
        "repo": "flake-compat",
        "type": "github"
      }
    },
    "flake-utils": {
      "inputs": {
        "systems": "systems"
      },
      "locked": {
        "lastModified": 1726560853,
        "narHash": "sha256-X6rJYSESBVr3hBoH0WbKE5KvhPU5bloyZ2L4K60/fPQ=",
        "owner": "numtide",
        "repo": "flake-utils",
        "rev": "c1dfcf08411b08f6b8615f7d8971a2bfa81d5e8a",
        "type": "github"
      },
      "original": {
        "owner": "numtide",
        "repo": "flake-utils",
        "type": "github"
      }
    },
    "flake-utils_2": {
      "inputs": {
        "systems": "systems_2"
      },
      "locked": {
        "lastModified": 1726560853,
        "narHash": "sha256-X6rJYSESBVr3hBoH0WbKE5KvhPU5bloyZ2L4K60/fPQ=",
        "owner": "numtide",
        "repo": "flake-utils",
        "rev": "c1dfcf08411b08f6b8615f7d8971a2bfa81d5e8a",
        "type": "github"
      },
      "original": {
        "owner": "numtide",
        "repo": "flake-utils",
        "type": "github"
      }
    },
    "flake-utils_3": {
      "inputs": {
        "systems": "systems_3"
      },
      "locked": {
        "lastModified": 1692799911,
        "narHash": "sha256-3eihraek4qL744EvQXsK1Ha6C3CR7nnT8X2qWap4RNk=",
        "owner": "numtide",
        "repo": "flake-utils",
        "rev": "f9e7cf818399d17d347f847525c5a5a8032e4e44",
        "type": "github"
      },
      "original": {
        "id": "flake-utils",
        "type": "indirect"
      }
    },
    "flake-utils_4": {
      "inputs": {
        "systems": "systems_4"
      },
      "locked": {
        "lastModified": 1692799911,
        "narHash": "sha256-3eihraek4qL744EvQXsK1Ha6C3CR7nnT8X2qWap4RNk=",
        "owner": "numtide",
        "repo": "flake-utils",
        "rev": "f9e7cf818399d17d347f847525c5a5a8032e4e44",
        "type": "github"
      },
      "original": {
        "id": "flake-utils",
        "type": "indirect"
      }
    },
    "flake-utils_5": {
      "inputs": {
        "systems": "systems_5"
      },
      "locked": {
        "lastModified": 1731533236,
        "narHash": "sha256-l0KFg5HjrsfsO/JpG+r7fRrqm12kzFHyUHqHCVpMMbI=",
        "owner": "numtide",
        "repo": "flake-utils",
        "rev": "11707dc2f618dd54ca8739b309ec4fc024de578b",
        "type": "github"
      },
      "original": {
        "owner": "numtide",
        "repo": "flake-utils",
        "type": "github"
      }
    },
    "flake-utils_6": {
      "inputs": {
        "systems": "systems_6"
      },
      "locked": {
        "lastModified": 1710146030,
        "narHash": "sha256-SZ5L6eA7HJ/nmkzGG7/ISclqe6oZdOZTNoesiInkXPQ=",
        "owner": "numtide",
        "repo": "flake-utils",
        "rev": "b1d9ab70662946ef0850d488da1c9019f3a9752a",
        "type": "github"
      },
      "original": {
        "owner": "numtide",
        "repo": "flake-utils",
        "type": "github"
      }
    },
    "fstar": {
      "inputs": {
        "flake-utils": "flake-utils_3",
        "nixpkgs": "nixpkgs"
      },
      "locked": {
        "lastModified": 1731120038,
        "narHash": "sha256-KfKaTvgjxGe+Z5KU+9rW/1Wr0SH4QOWIAm0UYL1FcBI=",
        "owner": "FStarLang",
        "repo": "fstar",
        "rev": "668e45909b2a485e0b5152d016ddec93f470d24d",
        "type": "github"
      },
      "original": {
        "owner": "FStarLang",
        "repo": "fstar",
        "type": "github"
      }
    },
    "fstar_2": {
      "inputs": {
        "flake-utils": "flake-utils_4",
        "nixpkgs": "nixpkgs_2"
      },
      "locked": {
        "lastModified": 1731120038,
        "narHash": "sha256-KfKaTvgjxGe+Z5KU+9rW/1Wr0SH4QOWIAm0UYL1FcBI=",
        "owner": "fstarlang",
        "repo": "fstar",
        "rev": "668e45909b2a485e0b5152d016ddec93f470d24d",
        "type": "github"
      },
      "original": {
        "owner": "fstarlang",
        "repo": "fstar",
        "type": "github"
      }
    },
    "fstar_3": {
      "inputs": {
        "flake-utils": [
          "hax",
          "flake-utils"
        ],
        "nixpkgs": [
          "hax",
          "nixpkgs"
        ]
      },
      "locked": {
        "lastModified": 1705191588,
        "narHash": "sha256-xjSWDP8mSjLcn+0hsRpEdzsBgBR+mKCZB8yLmHl+WqE=",
        "owner": "FStarLang",
        "repo": "FStar",
        "rev": "a32b316e521fa4f239b610ec8f1d15e78d62cbe8",
        "type": "github"
      },
      "original": {
        "owner": "FStarLang",
        "ref": "v2024.01.13",
        "repo": "FStar",
        "type": "github"
      }
    },
    "hacl-star": {
      "flake": false,
      "locked": {
        "lastModified": 1716379562,
        "narHash": "sha256-42dF8kPEiveSPgHoicxZG/CCu3IhwJhtfvVNfrLczu8=",
        "owner": "hacl-star",
        "repo": "hacl-star",
        "rev": "9149b0c26b06a8e06a0920a07c33ddd18d94c519",
        "type": "github"
      },
      "original": {
        "owner": "hacl-star",
        "repo": "hacl-star",
        "type": "github"
      }
    },
    "hax": {
      "inputs": {
        "crane": "crane_3",
        "flake-utils": "flake-utils_6",
        "fstar": "fstar_3",
        "hacl-star": "hacl-star",
        "nixpkgs": "nixpkgs_3",
        "rust-by-examples": "rust-by-examples",
        "rust-overlay": "rust-overlay_2"
      },
      "locked": {
        "lastModified": 1731578084,
        "narHash": "sha256-m223G1Hz0+AP1nM2jBWZT6ISOV15q7bvumAKjbzluIQ=",
        "owner": "hacspec",
        "repo": "hax",
        "rev": "14c6f430db9a0f469ba525085216d204b1ed741d",
        "type": "github"
      },
      "original": {
        "owner": "hacspec",
        "repo": "hax",
        "type": "github"
      }
    },
    "karamel": {
      "inputs": {
        "flake-utils": [
          "eurydice",
          "karamel",
          "fstar",
          "flake-utils"
        ],
        "fstar": "fstar_2",
        "nixpkgs": [
          "eurydice",
          "karamel",
          "fstar",
          "nixpkgs"
        ]
      },
      "locked": {
        "lastModified": 1730490029,
        "narHash": "sha256-PDOd0tW7DDZfXlozrcTZ33mgWAukR/UH4Ilt5ew8oPw=",
        "owner": "FStarLang",
        "repo": "karamel",
        "rev": "5f7e9be838ba8ec0ed3323132e6beb6276f6acf2",
        "type": "github"
      },
      "original": {
        "owner": "FStarLang",
        "repo": "karamel",
        "type": "github"
      }
    },
    "nixpkgs": {
      "locked": {
        "lastModified": 1693158576,
        "narHash": "sha256-aRTTXkYvhXosGx535iAFUaoFboUrZSYb1Ooih/auGp0=",
        "owner": "NixOS",
        "repo": "nixpkgs",
        "rev": "a999c1cc0c9eb2095729d5aa03e0d8f7ed256780",
        "type": "github"
      },
      "original": {
        "id": "nixpkgs",
        "ref": "nixos-unstable",
        "type": "indirect"
      }
    },
    "nixpkgs_2": {
      "locked": {
        "lastModified": 1693158576,
        "narHash": "sha256-aRTTXkYvhXosGx535iAFUaoFboUrZSYb1Ooih/auGp0=",
        "owner": "NixOS",
        "repo": "nixpkgs",
        "rev": "a999c1cc0c9eb2095729d5aa03e0d8f7ed256780",
        "type": "github"
      },
      "original": {
        "id": "nixpkgs",
        "ref": "nixos-unstable",
        "type": "indirect"
      }
    },
    "nixpkgs_3": {
      "locked": {
        "lastModified": 1717402443,
        "narHash": "sha256-KlFiT8xFAVy29iYJU9nBwvkC7WTfUC/jak5jNFz5wHM=",
        "owner": "nixos",
        "repo": "nixpkgs",
        "rev": "c149b8818b982d612f519c7e73449d355206a89a",
        "type": "github"
      },
      "original": {
        "owner": "nixos",
        "repo": "nixpkgs",
        "type": "github"
      }
    },
    "nixpkgs_4": {
      "locked": {
        "lastModified": 1731319897,
        "narHash": "sha256-PbABj4tnbWFMfBp6OcUK5iGy1QY+/Z96ZcLpooIbuEI=",
        "owner": "nixos",
        "repo": "nixpkgs",
        "rev": "dc460ec76cbff0e66e269457d7b728432263166c",
        "type": "github"
      },
      "original": {
        "owner": "nixos",
        "ref": "nixos-unstable",
        "repo": "nixpkgs",
        "type": "github"
      }
    },
    "root": {
      "inputs": {
        "charon": "charon",
        "crane": "crane_2",
        "eurydice": "eurydice",
        "flake-utils": "flake-utils_5",
        "fstar": [
          "eurydice",
          "fstar"
        ],
        "hax": "hax",
        "karamel": [
          "eurydice",
          "karamel"
        ],
        "nixpkgs": "nixpkgs_4"
      }
    },
    "rust-by-examples": {
      "flake": false,
      "locked": {
        "lastModified": 1729958822,
        "narHash": "sha256-/X1dI2MPYSfOdqOOxpNFCykoJtVetQCOo7WfBa7XAyU=",
        "owner": "rust-lang",
        "repo": "rust-by-example",
        "rev": "4e3881e0cb1b690158acca3c16e271fdadf736da",
        "type": "github"
      },
      "original": {
        "owner": "rust-lang",
        "repo": "rust-by-example",
        "type": "github"
      }
    },
    "rust-overlay": {
      "inputs": {
        "nixpkgs": [
          "charon",
          "nixpkgs"
        ]
      },
      "locked": {
        "lastModified": 1729736953,
        "narHash": "sha256-Rb6JUop7NRklg0uzcre+A+Ebrn/ZiQPkm4QdKg6/3pw=",
        "owner": "oxalica",
        "repo": "rust-overlay",
        "rev": "29b1275740d9283467b8117499ec8cbb35250584",
        "type": "github"
      },
      "original": {
        "owner": "oxalica",
        "repo": "rust-overlay",
        "type": "github"
      }
    },
    "rust-overlay_2": {
      "inputs": {
        "nixpkgs": [
          "hax",
          "nixpkgs"
        ]
      },
      "locked": {
        "lastModified": 1729736953,
        "narHash": "sha256-Rb6JUop7NRklg0uzcre+A+Ebrn/ZiQPkm4QdKg6/3pw=",
        "owner": "oxalica",
        "repo": "rust-overlay",
        "rev": "29b1275740d9283467b8117499ec8cbb35250584",
        "type": "github"
      },
      "original": {
        "owner": "oxalica",
        "repo": "rust-overlay",
        "type": "github"
      }
    },
    "systems": {
      "locked": {
        "lastModified": 1681028828,
        "narHash": "sha256-Vy1rq5AaRuLzOxct8nz4T6wlgyUR7zLU309k9mBC768=",
        "owner": "nix-systems",
        "repo": "default",
        "rev": "da67096a3b9bf56a91d16901293e51ba5b49a27e",
        "type": "github"
      },
      "original": {
        "owner": "nix-systems",
        "repo": "default",
        "type": "github"
      }
    },
    "systems_2": {
      "locked": {
        "lastModified": 1681028828,
        "narHash": "sha256-Vy1rq5AaRuLzOxct8nz4T6wlgyUR7zLU309k9mBC768=",
        "owner": "nix-systems",
        "repo": "default",
        "rev": "da67096a3b9bf56a91d16901293e51ba5b49a27e",
        "type": "github"
      },
      "original": {
        "owner": "nix-systems",
        "repo": "default",
        "type": "github"
      }
    },
    "systems_3": {
      "locked": {
        "lastModified": 1681028828,
        "narHash": "sha256-Vy1rq5AaRuLzOxct8nz4T6wlgyUR7zLU309k9mBC768=",
        "owner": "nix-systems",
        "repo": "default",
        "rev": "da67096a3b9bf56a91d16901293e51ba5b49a27e",
        "type": "github"
      },
      "original": {
        "owner": "nix-systems",
        "repo": "default",
        "type": "github"
      }
    },
    "systems_4": {
      "locked": {
        "lastModified": 1681028828,
        "narHash": "sha256-Vy1rq5AaRuLzOxct8nz4T6wlgyUR7zLU309k9mBC768=",
        "owner": "nix-systems",
        "repo": "default",
        "rev": "da67096a3b9bf56a91d16901293e51ba5b49a27e",
        "type": "github"
      },
      "original": {
        "owner": "nix-systems",
        "repo": "default",
        "type": "github"
      }
    },
    "systems_5": {
      "locked": {
        "lastModified": 1681028828,
        "narHash": "sha256-Vy1rq5AaRuLzOxct8nz4T6wlgyUR7zLU309k9mBC768=",
        "owner": "nix-systems",
        "repo": "default",
        "rev": "da67096a3b9bf56a91d16901293e51ba5b49a27e",
        "type": "github"
      },
      "original": {
        "owner": "nix-systems",
        "repo": "default",
        "type": "github"
      }
    },
    "systems_6": {
      "locked": {
        "lastModified": 1681028828,
        "narHash": "sha256-Vy1rq5AaRuLzOxct8nz4T6wlgyUR7zLU309k9mBC768=",
        "owner": "nix-systems",
        "repo": "default",
        "rev": "da67096a3b9bf56a91d16901293e51ba5b49a27e",
        "type": "github"
      },
      "original": {
        "owner": "nix-systems",
        "repo": "default",
        "type": "github"
      }
    }
  },
  "root": "root",
  "version": 7
}
